
Microsoft Visual Studio Solution File, Format Version 12.00
# Visual Studio Version 17
VisualStudioVersion = 17.10.34928.147
MinimumVisualStudioVersion = 10.0.40219.1
Project("{FAE04EC0-301F-11D3-BF4B-00C04F79EFBC}") = "GeradorRecibos", "GeradorRecibos.csproj", "{6A2342D9-B4DD-4F48-BA2D-8554D4D9E101}"
EndProject
Global
	GlobalSection(SolutionConfigurationPlatforms) = preSolution
		Debug|Any CPU = Debug|Any CPU
		Release|Any CPU = Release|Any CPU
	EndGlobalSection
	GlobalSection(ProjectConfigurationPlatforms) = postSolution
		{6A2342D9-B4DD-4F48-BA2D-8554D4D9E101}.Debug|Any CPU.ActiveCfg = Debug|Any CPU
		{6A2342D9-B4DD-4F48-BA2D-8554D4D9E101}.Debug|Any CPU.Build.0 = Debug|Any CPU
		{6A2342D9-B4DD-4F48-BA2D-8554D4D9E101}.Release|Any CPU.ActiveCfg = Release|Any CPU
		{6A2342D9-B4DD-4F48-BA2D-8554D4D9E101}.Release|Any CPU.Build.0 = Release|Any CPU
	EndGlobalSection
	GlobalSection(SolutionProperties) = preSolution
		HideSolutionNode = FALSE
	EndGlobalSection
	GlobalSection(ExtensibilityGlobals) = postSolution
		SolutionGuid = {223539E2-BBB1-4832-9866-EF210E207D0B}
	EndGlobalSection
EndGlobal
